// !$*UTF8*$!
{
	archiveVersion = 1;
	classes = {
	};
	objectVersion = 46;
	objects = {

/* Begin PBXBuildFile section */
		0E6D94971D51E18500C51C2A /* main.m in Sources */ = {isa = PBXBuildFile; fileRef = 0E6D94961D51E18500C51C2A /* main.m */; };
		0E6D949A1D51E18500C51C2A /* AppDelegate.m in Sources */ = {isa = PBXBuildFile; fileRef = 0E6D94991D51E18500C51C2A /* AppDelegate.m */; };
		0E6D949D1D51E18500C51C2A /* ViewController.m in Sources */ = {isa = PBXBuildFile; fileRef = 0E6D949C1D51E18500C51C2A /* ViewController.m */; };
		0E6D94A01D51E18500C51C2A /* Main.storyboard in Resources */ = {isa = PBXBuildFile; fileRef = 0E6D949E1D51E18500C51C2A /* Main.storyboard */; };
		0E6D94A21D51E18500C51C2A /* Assets.xcassets in Resources */ = {isa = PBXBuildFile; fileRef = 0E6D94A11D51E18500C51C2A /* Assets.xcassets */; };
		0E6D94A51D51E18500C51C2A /* LaunchScreen.storyboard in Resources */ = {isa = PBXBuildFile; fileRef = 0E6D94A31D51E18500C51C2A /* LaunchScreen.storyboard */; };
		0E6D94FD1D531B0A00C51C2A /* String+Utils.swift in Sources */ = {isa = PBXBuildFile; fileRef = 0E6D94F71D531B0A00C51C2A /* String+Utils.swift */; };
		0E6D94FE1D531B0A00C51C2A /* UIButton+Utils.swift in Sources */ = {isa = PBXBuildFile; fileRef = 0E6D94F81D531B0A00C51C2A /* UIButton+Utils.swift */; };
		0E6D94FF1D531B0A00C51C2A /* UIColor+Utils.swift in Sources */ = {isa = PBXBuildFile; fileRef = 0E6D94F91D531B0A00C51C2A /* UIColor+Utils.swift */; };
		0E6D95001D531B0A00C51C2A /* UIViewController+Utils.swift in Sources */ = {isa = PBXBuildFile; fileRef = 0E6D94FA1D531B0A00C51C2A /* UIViewController+Utils.swift */; };
		0E6D95051D532A9D00C51C2A /* UIColor+Util.m in Sources */ = {isa = PBXBuildFile; fileRef = 0E6D95041D532A9D00C51C2A /* UIColor+Util.m */; };
		0E6D95071D5340FC00C51C2A /* background.jpg in Resources */ = {isa = PBXBuildFile; fileRef = 0E6D95061D5340FC00C51C2A /* background.jpg */; };
		1800BADDAC8883F46E3070D7 /* libPods-iMeter.a in Frameworks */ = {isa = PBXBuildFile; fileRef = 066294DD3BE2D824C4D0BA53 /* libPods-iMeter.a */; };
/* End PBXBuildFile section */

/* Begin PBXFileReference section */
		066294DD3BE2D824C4D0BA53 /* libPods-iMeter.a */ = {isa = PBXFileReference; explicitFileType = archive.ar; includeInIndex = 0; path = "libPods-iMeter.a"; sourceTree = BUILT_PRODUCTS_DIR; };
		0E6D94921D51E18500C51C2A /* iMeter.app */ = {isa = PBXFileReference; explicitFileType = wrapper.application; includeInIndex = 0; path = iMeter.app; sourceTree = BUILT_PRODUCTS_DIR; };
		0E6D94961D51E18500C51C2A /* main.m */ = {isa = PBXFileReference; lastKnownFileType = sourcecode.c.objc; path = main.m; sourceTree = "<group>"; };
		0E6D94981D51E18500C51C2A /* AppDelegate.h */ = {isa = PBXFileReference; lastKnownFileType = sourcecode.c.h; path = AppDelegate.h; sourceTree = "<group>"; };
		0E6D94991D51E18500C51C2A /* AppDelegate.m */ = {isa = PBXFileReference; lastKnownFileType = sourcecode.c.objc; path = AppDelegate.m; sourceTree = "<group>"; };
		0E6D949B1D51E18500C51C2A /* ViewController.h */ = {isa = PBXFileReference; lastKnownFileType = sourcecode.c.h; path = ViewController.h; sourceTree = "<group>"; };
		0E6D949C1D51E18500C51C2A /* ViewController.m */ = {isa = PBXFileReference; lastKnownFileType = sourcecode.c.objc; path = ViewController.m; sourceTree = "<group>"; };
		0E6D949F1D51E18500C51C2A /* Base */ = {isa = PBXFileReference; lastKnownFileType = file.storyboard; name = Base; path = Base.lproj/Main.storyboard; sourceTree = "<group>"; };
		0E6D94A11D51E18500C51C2A /* Assets.xcassets */ = {isa = PBXFileReference; lastKnownFileType = folder.assetcatalog; path = Assets.xcassets; sourceTree = "<group>"; };
		0E6D94A41D51E18500C51C2A /* Base */ = {isa = PBXFileReference; lastKnownFileType = file.storyboard; name = Base; path = Base.lproj/LaunchScreen.storyboard; sourceTree = "<group>"; };
		0E6D94A61D51E18500C51C2A /* Info.plist */ = {isa = PBXFileReference; lastKnownFileType = text.plist.xml; path = Info.plist; sourceTree = "<group>"; };
		0E6D94F21D531A6100C51C2A /* iMeter-Bridging-Header.h */ = {isa = PBXFileReference; lastKnownFileType = sourcecode.c.h; path = "iMeter-Bridging-Header.h"; sourceTree = "<group>"; };
		0E6D94F71D531B0A00C51C2A /* String+Utils.swift */ = {isa = PBXFileReference; fileEncoding = 4; lastKnownFileType = sourcecode.swift; path = "String+Utils.swift"; sourceTree = "<group>"; };
		0E6D94F81D531B0A00C51C2A /* UIButton+Utils.swift */ = {isa = PBXFileReference; fileEncoding = 4; lastKnownFileType = sourcecode.swift; path = "UIButton+Utils.swift"; sourceTree = "<group>"; };
		0E6D94F91D531B0A00C51C2A /* UIColor+Utils.swift */ = {isa = PBXFileReference; fileEncoding = 4; lastKnownFileType = sourcecode.swift; path = "UIColor+Utils.swift"; sourceTree = "<group>"; };
		0E6D94FA1D531B0A00C51C2A /* UIViewController+Utils.swift */ = {isa = PBXFileReference; fileEncoding = 4; lastKnownFileType = sourcecode.swift; path = "UIViewController+Utils.swift"; sourceTree = "<group>"; };
		0E6D95031D532A9D00C51C2A /* UIColor+Util.h */ = {isa = PBXFileReference; fileEncoding = 4; lastKnownFileType = sourcecode.c.h; path = "UIColor+Util.h"; sourceTree = "<group>"; };
		0E6D95041D532A9D00C51C2A /* UIColor+Util.m */ = {isa = PBXFileReference; fileEncoding = 4; lastKnownFileType = sourcecode.c.objc; path = "UIColor+Util.m"; sourceTree = "<group>"; };
		0E6D95061D5340FC00C51C2A /* background.jpg */ = {isa = PBXFileReference; lastKnownFileType = image.jpeg; path = background.jpg; sourceTree = "<group>"; };
		AAF9FA5AC8475AC5EF95BC99 /* Pods-iMeter.release.xcconfig */ = {isa = PBXFileReference; includeInIndex = 1; lastKnownFileType = text.xcconfig; name = "Pods-iMeter.release.xcconfig"; path = "Pods/Target Support Files/Pods-iMeter/Pods-iMeter.release.xcconfig"; sourceTree = "<group>"; };
		AE98AA7D4550BD3A534406E3 /* Pods-iMeter.debug.xcconfig */ = {isa = PBXFileReference; includeInIndex = 1; lastKnownFileType = text.xcconfig; name = "Pods-iMeter.debug.xcconfig"; path = "Pods/Target Support Files/Pods-iMeter/Pods-iMeter.debug.xcconfig"; sourceTree = "<group>"; };
/* End PBXFileReference section */

/* Begin PBXFrameworksBuildPhase section */
		0E6D948F1D51E18500C51C2A /* Frameworks */ = {
			isa = PBXFrameworksBuildPhase;
			buildActionMask = 2147483647;
			files = (
				1800BADDAC8883F46E3070D7 /* libPods-iMeter.a in Frameworks */,
			);
			runOnlyForDeploymentPostprocessing = 0;
		};
/* End PBXFrameworksBuildPhase section */

/* Begin PBXGroup section */
		0E6D94891D51E18500C51C2A = {
			isa = PBXGroup;
			children = (
				0E6D94941D51E18500C51C2A /* iMeter */,
				0E6D94931D51E18500C51C2A /* Products */,
				738D5FB58C653CD3D1D004E4 /* Pods */,
				271E05B2419EDB6B994EADDC /* Frameworks */,
			);
			sourceTree = "<group>";
		};
		0E6D94931D51E18500C51C2A /* Products */ = {
			isa = PBXGroup;
			children = (
				0E6D94921D51E18500C51C2A /* iMeter.app */,
			);
			name = Products;
			sourceTree = "<group>";
		};
		0E6D94941D51E18500C51C2A /* iMeter */ = {
			isa = PBXGroup;
			children = (
				0E6D94981D51E18500C51C2A /* AppDelegate.h */,
				0E6D94991D51E18500C51C2A /* AppDelegate.m */,
				0E6D949B1D51E18500C51C2A /* ViewController.h */,
				0E6D949C1D51E18500C51C2A /* ViewController.m */,
				0E6D949E1D51E18500C51C2A /* Main.storyboard */,
				0E6D94A11D51E18500C51C2A /* Assets.xcassets */,
				0E6D94A31D51E18500C51C2A /* LaunchScreen.storyboard */,
				0E6D94A61D51E18500C51C2A /* Info.plist */,
				0E6D94F11D5319EA00C51C2A /* Util */,
				0E6D94951D51E18500C51C2A /* Supporting Files */,
			);
			path = iMeter;
			sourceTree = "<group>";
		};
		0E6D94951D51E18500C51C2A /* Supporting Files */ = {
			isa = PBXGroup;
			children = (
				0E6D95061D5340FC00C51C2A /* background.jpg */,
				0E6D94961D51E18500C51C2A /* main.m */,
			);
			name = "Supporting Files";
			sourceTree = "<group>";
		};
		0E6D94F11D5319EA00C51C2A /* Util */ = {
			isa = PBXGroup;
			children = (
				0E6D94F71D531B0A00C51C2A /* String+Utils.swift */,
				0E6D94F81D531B0A00C51C2A /* UIButton+Utils.swift */,
				0E6D94F91D531B0A00C51C2A /* UIColor+Utils.swift */,
				0E6D94FA1D531B0A00C51C2A /* UIViewController+Utils.swift */,
				0E6D94F21D531A6100C51C2A /* iMeter-Bridging-Header.h */,
				0E6D95031D532A9D00C51C2A /* UIColor+Util.h */,
				0E6D95041D532A9D00C51C2A /* UIColor+Util.m */,
			);
			path = Util;
			sourceTree = "<group>";
		};
		271E05B2419EDB6B994EADDC /* Frameworks */ = {
			isa = PBXGroup;
			children = (
				066294DD3BE2D824C4D0BA53 /* libPods-iMeter.a */,
			);
			name = Frameworks;
			sourceTree = "<group>";
		};
		738D5FB58C653CD3D1D004E4 /* Pods */ = {
			isa = PBXGroup;
			children = (
				AE98AA7D4550BD3A534406E3 /* Pods-iMeter.debug.xcconfig */,
				AAF9FA5AC8475AC5EF95BC99 /* Pods-iMeter.release.xcconfig */,
			);
			name = Pods;
			sourceTree = "<group>";
		};
/* End PBXGroup section */

/* Begin PBXNativeTarget section */
		0E6D94911D51E18500C51C2A /* iMeter */ = {
			isa = PBXNativeTarget;
			buildConfigurationList = 0E6D94A91D51E18500C51C2A /* Build configuration list for PBXNativeTarget "iMeter" */;
			buildPhases = (
				D5BFC2F24819A7A353957BBA /* 📦 Check Pods Manifest.lock */,
				0E6D948E1D51E18500C51C2A /* Sources */,
				0E6D948F1D51E18500C51C2A /* Frameworks */,
				0E6D94901D51E18500C51C2A /* Resources */,
				C732C6CFCA30BE66CEF00F1F /* 📦 Embed Pods Frameworks */,
				773ACC9510DEFA3F1B4C4A47 /* 📦 Copy Pods Resources */,
			);
			buildRules = (
			);
			dependencies = (
			);
			name = iMeter;
			productName = iMeter;
			productReference = 0E6D94921D51E18500C51C2A /* iMeter.app */;
			productType = "com.apple.product-type.application";
		};
/* End PBXNativeTarget section */

/* Begin PBXProject section */
		0E6D948A1D51E18500C51C2A /* Project object */ = {
			isa = PBXProject;
			attributes = {
				LastUpgradeCheck = 0730;
				ORGANIZATIONNAME = zcsmart;
				TargetAttributes = {
					0E6D94911D51E18500C51C2A = {
						CreatedOnToolsVersion = 7.3.1;
					};
				};
			};
			buildConfigurationList = 0E6D948D1D51E18500C51C2A /* Build configuration list for PBXProject "iMeter" */;
			compatibilityVersion = "Xcode 3.2";
			developmentRegion = English;
			hasScannedForEncodings = 0;
			knownRegions = (
				en,
				Base,
			);
			mainGroup = 0E6D94891D51E18500C51C2A;
			productRefGroup = 0E6D94931D51E18500C51C2A /* Products */;
			projectDirPath = "";
			projectRoot = "";
			targets = (
				0E6D94911D51E18500C51C2A /* iMeter */,
			);
		};
/* End PBXProject section */

/* Begin PBXResourcesBuildPhase section */
		0E6D94901D51E18500C51C2A /* Resources */ = {
			isa = PBXResourcesBuildPhase;
			buildActionMask = 2147483647;
			files = (
				0E6D94A51D51E18500C51C2A /* LaunchScreen.storyboard in Resources */,
				0E6D94A21D51E18500C51C2A /* Assets.xcassets in Resources */,
				0E6D95071D5340FC00C51C2A /* background.jpg in Resources */,
				0E6D94A01D51E18500C51C2A /* Main.storyboard in Resources */,
			);
			runOnlyForDeploymentPostprocessing = 0;
		};
/* End PBXResourcesBuildPhase section */

/* Begin PBXShellScriptBuildPhase section */
		773ACC9510DEFA3F1B4C4A47 /* 📦 Copy Pods Resources */ = {
			isa = PBXShellScriptBuildPhase;
			buildActionMask = 2147483647;
			files = (
			);
			inputPaths = (
			);
			name = "📦 Copy Pods Resources";
			outputPaths = (
			);
			runOnlyForDeploymentPostprocessing = 0;
			shellPath = /bin/sh;
			shellScript = "\"${SRCROOT}/Pods/Target Support Files/Pods-iMeter/Pods-iMeter-resources.sh\"\n";
			showEnvVarsInLog = 0;
		};
		C732C6CFCA30BE66CEF00F1F /* 📦 Embed Pods Frameworks */ = {
			isa = PBXShellScriptBuildPhase;
			buildActionMask = 2147483647;
			files = (
			);
			inputPaths = (
			);
			name = "📦 Embed Pods Frameworks";
			outputPaths = (
			);
			runOnlyForDeploymentPostprocessing = 0;
			shellPath = /bin/sh;
			shellScript = "\"${SRCROOT}/Pods/Target Support Files/Pods-iMeter/Pods-iMeter-frameworks.sh\"\n";
			showEnvVarsInLog = 0;
		};
		D5BFC2F24819A7A353957BBA /* 📦 Check Pods Manifest.lock */ = {
			isa = PBXShellScriptBuildPhase;
			buildActionMask = 2147483647;
			files = (
			);
			inputPaths = (
			);
			name = "📦 Check Pods Manifest.lock";
			outputPaths = (
			);
			runOnlyForDeploymentPostprocessing = 0;
			shellPath = /bin/sh;
			shellScript = "diff \"${PODS_ROOT}/../Podfile.lock\" \"${PODS_ROOT}/Manifest.lock\" > /dev/null\nif [[ $? != 0 ]] ; then\n    cat << EOM\nerror: The sandbox is not in sync with the Podfile.lock. Run 'pod install' or update your CocoaPods installation.\nEOM\n    exit 1\nfi\n";
			showEnvVarsInLog = 0;
		};
/* End PBXShellScriptBuildPhase section */

/* Begin PBXSourcesBuildPhase section */
		0E6D948E1D51E18500C51C2A /* Sources */ = {
			isa = PBXSourcesBuildPhase;
			buildActionMask = 2147483647;
			files = (
				0E6D949D1D51E18500C51C2A /* ViewController.m in Sources */,
				0E6D94FD1D531B0A00C51C2A /* String+Utils.swift in Sources */,
				0E6D95001D531B0A00C51C2A /* UIViewController+Utils.swift in Sources */,
				0E6D949A1D51E18500C51C2A /* AppDelegate.m in Sources */,
				0E6D94FF1D531B0A00C51C2A /* UIColor+Utils.swift in Sources */,
				0E6D94FE1D531B0A00C51C2A /* UIButton+Utils.swift in Sources */,
				0E6D95051D532A9D00C51C2A /* UIColor+Util.m in Sources */,
				0E6D94971D51E18500C51C2A /* main.m in Sources */,
			);
			runOnlyForDeploymentPostprocessing = 0;
		};
/* End PBXSourcesBuildPhase section */

/* Begin PBXVariantGroup section */
		0E6D949E1D51E18500C51C2A /* Main.storyboard */ = {
			isa = PBXVariantGroup;
			children = (
				0E6D949F1D51E18500C51C2A /* Base */,
			);
			name = Main.storyboard;
			sourceTree = "<group>";
		};
		0E6D94A31D51E18500C51C2A /* LaunchScreen.storyboard */ = {
			isa = PBXVariantGroup;
			children = (
				0E6D94A41D51E18500C51C2A /* Base */,
			);
			name = LaunchScreen.storyboard;
			sourceTree = "<group>";
		};
/* End PBXVariantGroup section */

/* Begin XCBuildConfiguration section */
		0E6D94A71D51E18500C51C2A /* Debug */ = {
			isa = XCBuildConfiguration;
			buildSettings = {
				ALWAYS_SEARCH_USER_PATHS = NO;
				CLANG_ANALYZER_NONNULL = YES;
				CLANG_CXX_LANGUAGE_STANDARD = "gnu++0x";
				CLANG_CXX_LIBRARY = "libc++";
				CLANG_ENABLE_MODULES = YES;
				CLANG_ENABLE_OBJC_ARC = YES;
				CLANG_WARN_BOOL_CONVERSION = YES;
				CLANG_WARN_CONSTANT_CONVERSION = YES;
				CLANG_WARN_DIRECT_OBJC_ISA_USAGE = YES_ERROR;
				CLANG_WARN_EMPTY_BODY = YES;
				CLANG_WARN_ENUM_CONVERSION = YES;
				CLANG_WARN_INT_CONVERSION = YES;
				CLANG_WARN_OBJC_ROOT_CLASS = YES_ERROR;
				CLANG_WARN_UNREACHABLE_CODE = YES;
				CLANG_WARN__DUPLICATE_METHOD_MATCH = YES;
				"CODE_SIGN_IDENTITY[sdk=iphoneos*]" = "iPhone Developer";
				COPY_PHASE_STRIP = NO;
				DEBUG_INFORMATION_FORMAT = dwarf;
				ENABLE_STRICT_OBJC_MSGSEND = YES;
				ENABLE_TESTABILITY = YES;
				GCC_C_LANGUAGE_STANDARD = gnu99;
				GCC_DYNAMIC_NO_PIC = NO;
				GCC_NO_COMMON_BLOCKS = YES;
				GCC_OPTIMIZATION_LEVEL = 0;
				GCC_PREPROCESSOR_DEFINITIONS = (
					"DEBUG=1",
					"$(inherited)",
				);
				GCC_WARN_64_TO_32_BIT_CONVERSION = YES;
				GCC_WARN_ABOUT_RETURN_TYPE = YES_ERROR;
				GCC_WARN_UNDECLARED_SELECTOR = YES;
				GCC_WARN_UNINITIALIZED_AUTOS = YES_AGGRESSIVE;
				GCC_WARN_UNUSED_FUNCTION = YES;
				GCC_WARN_UNUSED_VARIABLE = YES;
				IPHONEOS_DEPLOYMENT_TARGET = 9.3;
				MTL_ENABLE_DEBUG_INFO = YES;
				ONLY_ACTIVE_ARCH = YES;
				SDKROOT = iphoneos;
				TARGETED_DEVICE_FAMILY = "1,2";
			};
			name = Debug;
		};
		0E6D94A81D51E18500C51C2A /* Release */ = {
			isa = XCBuildConfiguration;
			buildSettings = {
				ALWAYS_SEARCH_USER_PATHS = NO;
				CLANG_ANALYZER_NONNULL = YES;
				CLANG_CXX_LANGUAGE_STANDARD = "gnu++0x";
				CLANG_CXX_LIBRARY = "libc++";
				CLANG_ENABLE_MODULES = YES;
				CLANG_ENABLE_OBJC_ARC = YES;
				CLANG_WARN_BOOL_CONVERSION = YES;
				CLANG_WARN_CONSTANT_CONVERSION = YES;
				CLANG_WARN_DIRECT_OBJC_ISA_USAGE = YES_ERROR;
				CLANG_WARN_EMPTY_BODY = YES;
				CLANG_WARN_ENUM_CONVERSION = YES;
				CLANG_WARN_INT_CONVERSION = YES;
				CLANG_WARN_OBJC_ROOT_CLASS = YES_ERROR;
				CLANG_WARN_UNREACHABLE_CODE = YES;
				CLANG_WARN__DUPLICATE_METHOD_MATCH = YES;
				"CODE_SIGN_IDENTITY[sdk=iphoneos*]" = "iPhone Developer";
				COPY_PHASE_STRIP = NO;
				DEBUG_INFORMATION_FORMAT = "dwarf-with-dsym";
				ENABLE_NS_ASSERTIONS = NO;
				ENABLE_STRICT_OBJC_MSGSEND = YES;
				GCC_C_LANGUAGE_STANDARD = gnu99;
				GCC_NO_COMMON_BLOCKS = YES;
				GCC_WARN_64_TO_32_BIT_CONVERSION = YES;
				GCC_WARN_ABOUT_RETURN_TYPE = YES_ERROR;
				GCC_WARN_UNDECLARED_SELECTOR = YES;
				GCC_WARN_UNINITIALIZED_AUTOS = YES_AGGRESSIVE;
				GCC_WARN_UNUSED_FUNCTION = YES;
				GCC_WARN_UNUSED_VARIABLE = YES;
				IPHONEOS_DEPLOYMENT_TARGET = 9.3;
				MTL_ENABLE_DEBUG_INFO = NO;
				SDKROOT = iphoneos;
				TARGETED_DEVICE_FAMILY = "1,2";
				VALIDATE_PRODUCT = YES;
			};
			name = Release;
		};
		0E6D94AA1D51E18500C51C2A /* Debug */ = {
			isa = XCBuildConfiguration;
			baseConfigurationReference = AE98AA7D4550BD3A534406E3 /* Pods-iMeter.debug.xcconfig */;
			buildSettings = {
				ASSETCATALOG_COMPILER_APPICON_NAME = AppIcon;
				CLANG_ENABLE_MODULES = YES;
				INFOPLIST_FILE = iMeter/Info.plist;
				IPHONEOS_DEPLOYMENT_TARGET = 7.0;
				LD_RUNPATH_SEARCH_PATHS = "$(inherited) @executable_path/Frameworks";
				PRODUCT_BUNDLE_IDENTIFIER = com.zcsmart.iMeter;
				PRODUCT_NAME = "$(TARGET_NAME)";
				SWIFT_OBJC_BRIDGING_HEADER = "iMeter/Util/iMeter-Bridging-Header.h";
				SWIFT_OPTIMIZATION_LEVEL = "-Onone";
			};
			name = Debug;
		};
		0E6D94AB1D51E18500C51C2A /* Release */ = {
			isa = XCBuildConfiguration;
			baseConfigurationReference = AAF9FA5AC8475AC5EF95BC99 /* Pods-iMeter.release.xcconfig */;
			buildSettings = {
				ASSETCATALOG_COMPILER_APPICON_NAME = AppIcon;
				CLANG_ENABLE_MODULES = YES;
				INFOPLIST_FILE = iMeter/Info.plist;
				IPHONEOS_DEPLOYMENT_TARGET = 7.0;
				LD_RUNPATH_SEARCH_PATHS = "$(inherited) @executable_path/Frameworks";
				PRODUCT_BUNDLE_IDENTIFIER = com.zcsmart.iMeter;
				PRODUCT_NAME = "$(TARGET_NAME)";
				SWIFT_OBJC_BRIDGING_HEADER = "iMeter/Util/iMeter-Bridging-Header.h";
			};
			name = Release;
		};
/* End XCBuildConfiguration section */

/* Begin XCConfigurationList section */
		0E6D948D1D51E18500C51C2A /* Build configuration list for PBXProject "iMeter" */ = {
			isa = XCConfigurationList;
			buildConfigurations = (
				0E6D94A71D51E18500C51C2A /* Debug */,
				0E6D94A81D51E18500C51C2A /* Release */,
			);
			defaultConfigurationIsVisible = 0;
			defaultConfigurationName = Release;
		};
		0E6D94A91D51E18500C51C2A /* Build configuration list for PBXNativeTarget "iMeter" */ = {
			isa = XCConfigurationList;
			buildConfigurations = (
				0E6D94AA1D51E18500C51C2A /* Debug */,
				0E6D94AB1D51E18500C51C2A /* Release */,
			);
			defaultConfigurationIsVisible = 0;
			defaultConfigurationName = Release;
		};
/* End XCConfigurationList section */
	};
	rootObject = 0E6D948A1D51E18500C51C2A /* Project object */;
}
